// !$*UTF8*$!
{
	archiveVersion = 1;
	classes = {
	};
	objectVersion = 50;
	objects = {

/* Begin PBXBuildFile section */
		20765D67235FF9B1004CC8CB /* AppDelegate.swift in Sources */ = {isa = PBXBuildFile; fileRef = 20765D66235FF9B1004CC8CB /* AppDelegate.swift */; };
		20765D69235FF9B1004CC8CB /* ViewController.swift in Sources */ = {isa = PBXBuildFile; fileRef = 20765D68235FF9B1004CC8CB /* ViewController.swift */; };
		20765D6C235FF9B1004CC8CB /* Main.storyboard in Resources */ = {isa = PBXBuildFile; fileRef = 20765D6A235FF9B1004CC8CB /* Main.storyboard */; };
		20765D6E235FF9CE004CC8CB /* Assets.xcassets in Resources */ = {isa = PBXBuildFile; fileRef = 20765D6D235FF9CE004CC8CB /* Assets.xcassets */; };
		20765D71235FF9CE004CC8CB /* LaunchScreen.storyboard in Resources */ = {isa = PBXBuildFile; fileRef = 20765D6F235FF9CE004CC8CB /* LaunchScreen.storyboard */; };
		20765D7C235FF9CE004CC8CB /* jisuanqiTests.swift in Sources */ = {isa = PBXBuildFile; fileRef = 20765D7B235FF9CE004CC8CB /* jisuanqiTests.swift */; };
		20765D87235FF9CE004CC8CB /* jisuanqiUITests.swift in Sources */ = {isa = PBXBuildFile; fileRef = 20765D86235FF9CE004CC8CB /* jisuanqiUITests.swift */; };
/* End PBXBuildFile section */

/* Begin PBXContainerItemProxy section */
		20765D78235FF9CE004CC8CB /* PBXContainerItemProxy */ = {
			isa = PBXContainerItemProxy;
			containerPortal = 20765D5B235FF9B1004CC8CB /* Project object */;
			proxyType = 1;
			remoteGlobalIDString = 20765D62235FF9B1004CC8CB;
			remoteInfo = jisuanqi;
		};
		20765D83235FF9CE004CC8CB /* PBXContainerItemProxy */ = {
			isa = PBXContainerItemProxy;
			containerPortal = 20765D5B235FF9B1004CC8CB /* Project object */;
			proxyType = 1;
			remoteGlobalIDString = 20765D62235FF9B1004CC8CB;
			remoteInfo = jisuanqi;
		};
/* End PBXContainerItemProxy section */

/* Begin PBXFileReference section */
		20765D63235FF9B1004CC8CB /* jisuanqi.app */ = {isa = PBXFileReference; explicitFileType = wrapper.application; includeInIndex = 0; path = jisuanqi.app; sourceTree = BUILT_PRODUCTS_DIR; };
		20765D66235FF9B1004CC8CB /* AppDelegate.swift */ = {isa = PBXFileReference; lastKnownFileType = sourcecode.swift; path = AppDelegate.swift; sourceTree = "<group>"; };
		20765D68235FF9B1004CC8CB /* ViewController.swift */ = {isa = PBXFileReference; lastKnownFileType = sourcecode.swift; path = ViewController.swift; sourceTree = "<group>"; };
		20765D6B235FF9B1004CC8CB /* Base */ = {isa = PBXFileReference; lastKnownFileType = file.storyboard; name = Base; path = Base.lproj/Main.storyboard; sourceTree = "<group>"; };
		20765D6D235FF9CE004CC8CB /* Assets.xcassets */ = {isa = PBXFileReference; lastKnownFileType = folder.assetcatalog; path = Assets.xcassets; sourceTree = "<group>"; };
		20765D70235FF9CE004CC8CB /* Base */ = {isa = PBXFileReference; lastKnownFileType = file.storyboard; name = Base; path = Base.lproj/LaunchScreen.storyboard; sourceTree = "<group>"; };
		20765D72235FF9CE004CC8CB /* Info.plist */ = {isa = PBXFileReference; lastKnownFileType = text.plist.xml; path = Info.plist; sourceTree = "<group>"; };
		20765D77235FF9CE004CC8CB /* jisuanqiTests.xctest */ = {isa = PBXFileReference; explicitFileType = wrapper.cfbundle; includeInIndex = 0; path = jisuanqiTests.xctest; sourceTree = BUILT_PRODUCTS_DIR; };
		20765D7B235FF9CE004CC8CB /* jisuanqiTests.swift */ = {isa = PBXFileReference; lastKnownFileType = sourcecode.swift; path = jisuanqiTests.swift; sourceTree = "<group>"; };
		20765D7D235FF9CE004CC8CB /* Info.plist */ = {isa = PBXFileReference; lastKnownFileType = text.plist.xml; path = Info.plist; sourceTree = "<group>"; };
		20765D82235FF9CE004CC8CB /* jisuanqiUITests.xctest */ = {isa = PBXFileReference; explicitFileType = wrapper.cfbundle; includeInIndex = 0; path = jisuanqiUITests.xctest; sourceTree = BUILT_PRODUCTS_DIR; };
		20765D86235FF9CE004CC8CB /* jisuanqiUITests.swift */ = {isa = PBXFileReference; lastKnownFileType = sourcecode.swift; path = jisuanqiUITests.swift; sourceTree = "<group>"; };
		20765D88235FF9CE004CC8CB /* Info.plist */ = {isa = PBXFileReference; lastKnownFileType = text.plist.xml; path = Info.plist; sourceTree = "<group>"; };
/* End PBXFileReference section */

/* Begin PBXFrameworksBuildPhase section */
		20765D60235FF9B1004CC8CB /* Frameworks */ = {
			isa = PBXFrameworksBuildPhase;
			buildActionMask = 2147483647;
			files = (
			);
			runOnlyForDeploymentPostprocessing = 0;
		};
		20765D74235FF9CE004CC8CB /* Frameworks */ = {
			isa = PBXFrameworksBuildPhase;
			buildActionMask = 2147483647;
			files = (
			);
			runOnlyForDeploymentPostprocessing = 0;
		};
		20765D7F235FF9CE004CC8CB /* Frameworks */ = {
			isa = PBXFrameworksBuildPhase;
			buildActionMask = 2147483647;
			files = (
			);
			runOnlyForDeploymentPostprocessing = 0;
		};
/* End PBXFrameworksBuildPhase section */

/* Begin PBXGroup section */
		20765D5A235FF9B1004CC8CB = {
			isa = PBXGroup;
			children = (
				20765D65235FF9B1004CC8CB /* jisuanqi */,
				20765D7A235FF9CE004CC8CB /* jisuanqiTests */,
				20765D85235FF9CE004CC8CB /* jisuanqiUITests */,
				20765D64235FF9B1004CC8CB /* Products */,
			);
			sourceTree = "<group>";
		};
		20765D64235FF9B1004CC8CB /* Products */ = {
			isa = PBXGroup;
			children = (
				20765D63235FF9B1004CC8CB /* jisuanqi.app */,
				20765D77235FF9CE004CC8CB /* jisuanqiTests.xctest */,
				20765D82235FF9CE004CC8CB /* jisuanqiUITests.xctest */,
			);
			name = Products;
			sourceTree = "<group>";
		};
		20765D65235FF9B1004CC8CB /* jisuanqi */ = {
			isa = PBXGroup;
			children = (
				20765D66235FF9B1004CC8CB /* AppDelegate.swift */,
				20765D68235FF9B1004CC8CB /* ViewController.swift */,
				20765D6A235FF9B1004CC8CB /* Main.storyboard */,
				20765D6D235FF9CE004CC8CB /* Assets.xcassets */,
				20765D6F235FF9CE004CC8CB /* LaunchScreen.storyboard */,
				20765D72235FF9CE004CC8CB /* Info.plist */,
			);
			path = jisuanqi;
			sourceTree = "<group>";
		};
		20765D7A235FF9CE004CC8CB /* jisuanqiTests */ = {
			isa = PBXGroup;
			children = (
				20765D7B235FF9CE004CC8CB /* jisuanqiTests.swift */,
				20765D7D235FF9CE004CC8CB /* Info.plist */,
			);
			path = jisuanqiTests;
			sourceTree = "<group>";
		};
		20765D85235FF9CE004CC8CB /* jisuanqiUITests */ = {
			isa = PBXGroup;
			children = (
				20765D86235FF9CE004CC8CB /* jisuanqiUITests.swift */,
				20765D88235FF9CE004CC8CB /* Info.plist */,
			);
			path = jisuanqiUITests;
			sourceTree = "<group>";
		};
/* End PBXGroup section */

/* Begin PBXNativeTarget section */
		20765D62235FF9B1004CC8CB /* jisuanqi */ = {
			isa = PBXNativeTarget;
			buildConfigurationList = 20765D8B235FF9CE004CC8CB /* Build configuration list for PBXNativeTarget "jisuanqi" */;
			buildPhases = (
				20765D5F235FF9B1004CC8CB /* Sources */,
				20765D60235FF9B1004CC8CB /* Frameworks */,
				20765D61235FF9B1004CC8CB /* Resources */,
			);
			buildRules = (
			);
			dependencies = (
			);
			name = jisuanqi;
			productName = jisuanqi;
			productReference = 20765D63235FF9B1004CC8CB /* jisuanqi.app */;
			productType = "com.apple.product-type.application";
		};
		20765D76235FF9CE004CC8CB /* jisuanqiTests */ = {
			isa = PBXNativeTarget;
			buildConfigurationList = 20765D8E235FF9CE004CC8CB /* Build configuration list for PBXNativeTarget "jisuanqiTests" */;
			buildPhases = (
				20765D73235FF9CE004CC8CB /* Sources */,
				20765D74235FF9CE004CC8CB /* Frameworks */,
				20765D75235FF9CE004CC8CB /* Resources */,
			);
			buildRules = (
			);
			dependencies = (
				20765D79235FF9CE004CC8CB /* PBXTargetDependency */,
			);
			name = jisuanqiTests;
			productName = jisuanqiTests;
			productReference = 20765D77235FF9CE004CC8CB /* jisuanqiTests.xctest */;
			productType = "com.apple.product-type.bundle.unit-test";
		};
		20765D81235FF9CE004CC8CB /* jisuanqiUITests */ = {
			isa = PBXNativeTarget;
			buildConfigurationList = 20765D91235FF9CE004CC8CB /* Build configuration list for PBXNativeTarget "jisuanqiUITests" */;
			buildPhases = (
				20765D7E235FF9CE004CC8CB /* Sources */,
				20765D7F235FF9CE004CC8CB /* Frameworks */,
				20765D80235FF9CE004CC8CB /* Resources */,
			);
			buildRules = (
			);
			dependencies = (
				20765D84235FF9CE004CC8CB /* PBXTargetDependency */,
			);
			name = jisuanqiUITests;
			productName = jisuanqiUITests;
			productReference = 20765D82235FF9CE004CC8CB /* jisuanqiUITests.xctest */;
			productType = "com.apple.product-type.bundle.ui-testing";
		};
/* End PBXNativeTarget section */

/* Begin PBXProject section */
		20765D5B235FF9B1004CC8CB /* Project object */ = {
			isa = PBXProject;
			attributes = {
				LastSwiftUpdateCheck = 1000;
				LastUpgradeCheck = 1000;
				ORGANIZATIONNAME = wjx;
				TargetAttributes = {
					20765D62235FF9B1004CC8CB = {
						CreatedOnToolsVersion = 10.0;
					};
					20765D76235FF9CE004CC8CB = {
						CreatedOnToolsVersion = 10.0;
						TestTargetID = 20765D62235FF9B1004CC8CB;
					};
					20765D81235FF9CE004CC8CB = {
						CreatedOnToolsVersion = 10.0;
						TestTargetID = 20765D62235FF9B1004CC8CB;
					};
				};
			};
			buildConfigurationList = 20765D5E235FF9B1004CC8CB /* Build configuration list for PBXProject "jisuanqi" */;
			compatibilityVersion = "Xcode 9.3";
			developmentRegion = en;
			hasScannedForEncodings = 0;
			knownRegions = (
				en,
				Base,
			);
			mainGroup = 20765D5A235FF9B1004CC8CB;
			productRefGroup = 20765D64235FF9B1004CC8CB /* Products */;
			projectDirPath = "";
			projectRoot = "";
			targets = (
				20765D62235FF9B1004CC8CB /* jisuanqi */,
				20765D76235FF9CE004CC8CB /* jisuanqiTests */,
				20765D81235FF9CE004CC8CB /* jisuanqiUITests */,
			);
		};
/* End PBXProject section */

/* Begin PBXResourcesBuildPhase section */
		20765D61235FF9B1004CC8CB /* Resources */ = {
			isa = PBXResourcesBuildPhase;
			buildActionMask = 2147483647;
			files = (
				20765D71235FF9CE004CC8CB /* LaunchScreen.storyboard in Resources */,
				20765D6E235FF9CE004CC8CB /* Assets.xcassets in Resources */,
				20765D6C235FF9B1004CC8CB /* Main.storyboard in Resources */,
			);
			runOnlyForDeploymentPostprocessing = 0;
		};
		20765D75235FF9CE004CC8CB /* Resources */ = {
			isa = PBXResourcesBuildPhase;
			buildActionMask = 2147483647;
			files = (
			);
			runOnlyForDeploymentPostprocessing = 0;
		};
		20765D80235FF9CE004CC8CB /* Resources */ = {
			isa = PBXResourcesBuildPhase;
			buildActionMask = 2147483647;
			files = (
			);
			runOnlyForDeploymentPostprocessing = 0;
		};
/* End PBXResourcesBuildPhase section */

/* Begin PBXSourcesBuildPhase section */
		20765D5F235FF9B1004CC8CB /* Sources */ = {
			isa = PBXSourcesBuildPhase;
			buildActionMask = 2147483647;
			files = (
				20765D69235FF9B1004CC8CB /* ViewController.swift in Sources */,
				20765D67235FF9B1004CC8CB /* AppDelegate.swift in Sources */,
			);
			runOnlyForDeploymentPostprocessing = 0;
		};
		20765D73235FF9CE004CC8CB /* Sources */ = {
			isa = PBXSourcesBuildPhase;
			buildActionMask = 2147483647;
			files = (
				20765D7C235FF9CE004CC8CB /* jisuanqiTests.swift in Sources */,
			);
			runOnlyForDeploymentPostprocessing = 0;
		};
		20765D7E235FF9CE004CC8CB /* Sources */ = {
			isa = PBXSourcesBuildPhase;
			buildActionMask = 2147483647;
			files = (
				20765D87235FF9CE004CC8CB /* jisuanqiUITests.swift in Sources */,
			);
			runOnlyForDeploymentPostprocessing = 0;
		};
/* End PBXSourcesBuildPhase section */

/* Begin PBXTargetDependency section */
		20765D79235FF9CE004CC8CB /* PBXTargetDependency */ = {
			isa = PBXTargetDependency;
			target = 20765D62235FF9B1004CC8CB /* jisuanqi */;
			targetProxy = 20765D78235FF9CE004CC8CB /* PBXContainerItemProxy */;
		};
		20765D84235FF9CE004CC8CB /* PBXTargetDependency */ = {
			isa = PBXTargetDependency;
			target = 20765D62235FF9B1004CC8CB /* jisuanqi */;
			targetProxy = 20765D83235FF9CE004CC8CB /* PBXContainerItemProxy */;
		};
/* End PBXTargetDependency section */

/* Begin PBXVariantGroup section */
		20765D6A235FF9B1004CC8CB /* Main.storyboard */ = {
			isa = PBXVariantGroup;
			children = (
				20765D6B235FF9B1004CC8CB /* Base */,
			);
			name = Main.storyboard;
			sourceTree = "<group>";
		};
		20765D6F235FF9CE004CC8CB /* LaunchScreen.storyboard */ = {
			isa = PBXVariantGroup;
			children = (
				20765D70235FF9CE004CC8CB /* Base */,
			);
			name = LaunchScreen.storyboard;
			sourceTree = "<group>";
		};
/* End PBXVariantGroup section */

/* Begin XCBuildConfiguration section */
		20765D89235FF9CE004CC8CB /* Debug */ = {
			isa = XCBuildConfiguration;
			buildSettings = {
				ALWAYS_SEARCH_USER_PATHS = NO;
				CLANG_ANALYZER_NONNULL = YES;
				CLANG_ANALYZER_NUMBER_OBJECT_CONVERSION = YES_AGGRESSIVE;
				CLANG_CXX_LANGUAGE_STANDARD = "gnu++14";
				CLANG_CXX_LIBRARY = "libc++";
				CLANG_ENABLE_MODULES = YES;
				CLANG_ENABLE_OBJC_ARC = YES;
				CLANG_ENABLE_OBJC_WEAK = YES;
				CLANG_WARN_BLOCK_CAPTURE_AUTORELEASING = YES;
				CLANG_WARN_BOOL_CONVERSION = YES;
				CLANG_WARN_COMMA = YES;
				CLANG_WARN_CONSTANT_CONVERSION = YES;
				CLANG_WARN_DEPRECATED_OBJC_IMPLEMENTATIONS = YES;
				CLANG_WARN_DIRECT_OBJC_ISA_USAGE = YES_ERROR;
				CLANG_WARN_DOCUMENTATION_COMMENTS = YES;
				CLANG_WARN_EMPTY_BODY = YES;
				CLANG_WARN_ENUM_CONVERSION = YES;
				CLANG_WARN_INFINITE_RECURSION = YES;
				CLANG_WARN_INT_CONVERSION = YES;
				CLANG_WARN_NON_LITERAL_NULL_CONVERSION = YES;
				CLANG_WARN_OBJC_IMPLICIT_RETAIN_SELF = YES;
				CLANG_WARN_OBJC_LITERAL_CONVERSION = YES;
				CLANG_WARN_OBJC_ROOT_CLASS = YES_ERROR;
				CLANG_WARN_RANGE_LOOP_ANALYSIS = YES;
				CLANG_WARN_STRICT_PROTOTYPES = YES;
				CLANG_WARN_SUSPICIOUS_MOVE = YES;
				CLANG_WARN_UNGUARDED_AVAILABILITY = YES_AGGRESSIVE;
				CLANG_WARN_UNREACHABLE_CODE = YES;
				CLANG_WARN__DUPLICATE_METHOD_MATCH = YES;
				CODE_SIGN_IDENTITY = "iPhone Developer";
				COPY_PHASE_STRIP = NO;
				DEBUG_INFORMATION_FORMAT = dwarf;
				ENABLE_STRICT_OBJC_MSGSEND = YES;
				ENABLE_TESTABILITY = YES;
				GCC_C_LANGUAGE_STANDARD = gnu11;
				GCC_DYNAMIC_NO_PIC = NO;
				GCC_NO_COMMON_BLOCKS = YES;
				GCC_OPTIMIZATION_LEVEL = 0;
				GCC_PREPROCESSOR_DEFINITIONS = (
					"DEBUG=1",
					"$(inherited)",
				);
				GCC_WARN_64_TO_32_BIT_CONVERSION = YES;
				GCC_WARN_ABOUT_RETURN_TYPE = YES_ERROR;
				GCC_WARN_UNDECLARED_SELECTOR = YES;
				GCC_WARN_UNINITIALIZED_AUTOS = YES_AGGRESSIVE;
				GCC_WARN_UNUSED_FUNCTION = YES;
				GCC_WARN_UNUSED_VARIABLE = YES;
				IPHONEOS_DEPLOYMENT_TARGET = 12.0;
				MTL_ENABLE_DEBUG_INFO = INCLUDE_SOURCE;
				MTL_FAST_MATH = YES;
				ONLY_ACTIVE_ARCH = YES;
				SDKROOT = iphoneos;
				SWIFT_ACTIVE_COMPILATION_CONDITIONS = DEBUG;
				SWIFT_OPTIMIZATION_LEVEL = "-Onone";
			};
			name = Debug;
		};
		20765D8A235FF9CE004CC8CB /* Release */ = {
			isa = XCBuildConfiguration;
			buildSettings = {
				ALWAYS_SEARCH_USER_PATHS = NO;
				CLANG_ANALYZER_NONNULL = YES;
				CLANG_ANALYZER_NUMBER_OBJECT_CONVERSION = YES_AGGRESSIVE;
				CLANG_CXX_LANGUAGE_STANDARD = "gnu++14";
				CLANG_CXX_LIBRARY = "libc++";
				CLANG_ENABLE_MODULES = YES;
				CLANG_ENABLE_OBJC_ARC = YES;
				CLANG_ENABLE_OBJC_WEAK = YES;
				CLANG_WARN_BLOCK_CAPTURE_AUTORELEASING = YES;
				CLANG_WARN_BOOL_CONVERSION = YES;
				CLANG_WARN_COMMA = YES;
				CLANG_WARN_CONSTANT_CONVERSION = YES;
				CLANG_WARN_DEPRECATED_OBJC_IMPLEMENTATIONS = YES;
				CLANG_WARN_DIRECT_OBJC_ISA_USAGE = YES_ERROR;
				CLANG_WARN_DOCUMENTATION_COMMENTS = YES;
				CLANG_WARN_EMPTY_BODY = YES;
				CLANG_WARN_ENUM_CONVERSION = YES;
				CLANG_WARN_INFINITE_RECURSION = YES;
				CLANG_WARN_INT_CONVERSION = YES;
				CLANG_WARN_NON_LITERAL_NULL_CONVERSION = YES;
				CLANG_WARN_OBJC_IMPLICIT_RETAIN_SELF = YES;
				CLANG_WARN_OBJC_LITERAL_CONVERSION = YES;
				CLANG_WARN_OBJC_ROOT_CLASS = YES_ERROR;
				CLANG_WARN_RANGE_LOOP_ANALYSIS = YES;
				CLANG_WARN_STRICT_PROTOTYPES = YES;
				CLANG_WARN_SUSPICIOUS_MOVE = YES;
				CLANG_WARN_UNGUARDED_AVAILABILITY = YES_AGGRESSIVE;
				CLANG_WARN_UNREACHABLE_CODE = YES;
				CLANG_WARN__DUPLICATE_METHOD_MATCH = YES;
				CODE_SIGN_IDENTITY = "iPhone Developer";
				COPY_PHASE_STRIP = NO;
				DEBUG_INFORMATION_FORMAT = "dwarf-with-dsym";
				ENABLE_NS_ASSERTIONS = NO;
				ENABLE_STRICT_OBJC_MSGSEND = YES;
				GCC_C_LANGUAGE_STANDARD = gnu11;
				GCC_NO_COMMON_BLOCKS = YES;
				GCC_WARN_64_TO_32_BIT_CONVERSION = YES;
				GCC_WARN_ABOUT_RETURN_TYPE = YES_ERROR;
				GCC_WARN_UNDECLARED_SELECTOR = YES;
				GCC_WARN_UNINITIALIZED_AUTOS = YES_AGGRESSIVE;
				GCC_WARN_UNUSED_FUNCTION = YES;
				GCC_WARN_UNUSED_VARIABLE = YES;
				IPHONEOS_DEPLOYMENT_TARGET = 12.0;
				MTL_ENABLE_DEBUG_INFO = NO;
				MTL_FAST_MATH = YES;
				SDKROOT = iphoneos;
				SWIFT_COMPILATION_MODE = wholemodule;
				SWIFT_OPTIMIZATION_LEVEL = "-O";
				VALIDATE_PRODUCT = YES;
			};
			name = Release;
		};
		20765D8C235FF9CE004CC8CB /* Debug */ = {
			isa = XCBuildConfiguration;
			buildSettings = {
				ASSETCATALOG_COMPILER_APPICON_NAME = AppIcon;
				CODE_SIGN_STYLE = Automatic;
				INFOPLIST_FILE = jisuanqi/Info.plist;
				LD_RUNPATH_SEARCH_PATHS = (
					"$(inherited)",
					"@executable_path/Frameworks",
				);
				PRODUCT_BUNDLE_IDENTIFIER = xjw.jisuanqi;
				PRODUCT_NAME = "$(TARGET_NAME)";
				SWIFT_VERSION = 4.2;
				TARGETED_DEVICE_FAMILY = "1,2";
			};
			name = Debug;
		};
		20765D8D235FF9CE004CC8CB /* Release */ = {
			isa = XCBuildConfiguration;
			buildSettings = {
				ASSETCATALOG_COMPILER_APPICON_NAME = AppIcon;
				CODE_SIGN_STYLE = Automatic;
				INFOPLIST_FILE = jisuanqi/Info.plist;
				LD_RUNPATH_SEARCH_PATHS = (
					"$(inherited)",
					"@executable_path/Frameworks",
				);
				PRODUCT_BUNDLE_IDENTIFIER = xjw.jisuanqi;
				PRODUCT_NAME = "$(TARGET_NAME)";
				SWIFT_VERSION = 4.2;
				TARGETED_DEVICE_FAMILY = "1,2";
			};
			name = Release;
		};
		20765D8F235FF9CE004CC8CB /* Debug */ = {
			isa = XCBuildConfiguration;
			buildSettings = {
				ALWAYS_EMBED_SWIFT_STANDARD_LIBRARIES = YES;
				BUNDLE_LOADER = "$(TEST_HOST)";
				CODE_SIGN_STYLE = Automatic;
				INFOPLIST_FILE = jisuanqiTests/Info.plist;
				LD_RUNPATH_SEARCH_PATHS = (
					"$(inherited)",
					"@executable_path/Frameworks",
					"@loader_path/Frameworks",
				);
				PRODUCT_BUNDLE_IDENTIFIER = xjw.jisuanqiTests;
				PRODUCT_NAME = "$(TARGET_NAME)";
				SWIFT_VERSION = 4.2;
				TARGETED_DEVICE_FAMILY = "1,2";
				TEST_HOST = "$(BUILT_PRODUCTS_DIR)/jisuanqi.app/jisuanqi";
			};
			name = Debug;
		};
		20765D90235FF9CE004CC8CB /* Release */ = {
			isa = XCBuildConfiguration;
			buildSettings = {
				ALWAYS_EMBED_SWIFT_STANDARD_LIBRARIES = YES;
				BUNDLE_LOADER = "$(TEST_HOST)";
				CODE_SIGN_STYLE = Automatic;
				INFOPLIST_FILE = jisuanqiTests/Info.plist;
				LD_RUNPATH_SEARCH_PATHS = (
					"$(inherited)",
					"@executable_path/Frameworks",
					"@loader_path/Frameworks",
				);
				PRODUCT_BUNDLE_IDENTIFIER = xjw.jisuanqiTests;
				PRODUCT_NAME = "$(TARGET_NAME)";
				SWIFT_VERSION = 4.2;
				TARGETED_DEVICE_FAMILY = "1,2";
				TEST_HOST = "$(BUILT_PRODUCTS_DIR)/jisuanqi.app/jisuanqi";
			};
			name = Release;
		};
		20765D92235FF9CE004CC8CB /* Debug */ = {
			isa = XCBuildConfiguration;
			buildSettings = {
				ALWAYS_EMBED_SWIFT_STANDARD_LIBRARIES = YES;
				CODE_SIGN_STYLE = Automatic;
				INFOPLIST_FILE = jisuanqiUITests/Info.plist;
				LD_RUNPATH_SEARCH_PATHS = (
					"$(inherited)",
					"@executable_path/Frameworks",
					"@loader_path/Frameworks",
				);
				PRODUCT_BUNDLE_IDENTIFIER = xjw.jisuanqiUITests;
				PRODUCT_NAME = "$(TARGET_NAME)";
				SWIFT_VERSION = 4.2;
				TARGETED_DEVICE_FAMILY = "1,2";
				TEST_TARGET_NAME = jisuanqi;
			};
			name = Debug;
		};
		20765D93235FF9CE004CC8CB /* Release */ = {
			isa = XCBuildConfiguration;
			buildSettings = {
				ALWAYS_EMBED_SWIFT_STANDARD_LIBRARIES = YES;
				CODE_SIGN_STYLE = Automatic;
				INFOPLIST_FILE = jisuanqiUITests/Info.plist;
				LD_RUNPATH_SEARCH_PATHS = (
					"$(inherited)",
					"@executable_path/Frameworks",
					"@loader_path/Frameworks",
				);
				PRODUCT_BUNDLE_IDENTIFIER = xjw.jisuanqiUITests;
				PRODUCT_NAME = "$(TARGET_NAME)";
				SWIFT_VERSION = 4.2;
				TARGETED_DEVICE_FAMILY = "1,2";
				TEST_TARGET_NAME = jisuanqi;
			};
			name = Release;
		};
/* End XCBuildConfiguration section */

/* Begin XCConfigurationList section */
		20765D5E235FF9B1004CC8CB /* Build configuration list for PBXProject "jisuanqi" */ = {
			isa = XCConfigurationList;
			buildConfigurations = (
				20765D89235FF9CE004CC8CB /* Debug */,
				20765D8A235FF9CE004CC8CB /* Release */,
			);
			defaultConfigurationIsVisible = 0;
			defaultConfigurationName = Release;
		};
		20765D8B235FF9CE004CC8CB /* Build configuration list for PBXNativeTarget "jisuanqi" */ = {
			isa = XCConfigurationList;
			buildConfigurations = (
				20765D8C235FF9CE004CC8CB /* Debug */,
				20765D8D235FF9CE004CC8CB /* Release */,
			);
			defaultConfigurationIsVisible = 0;
			defaultConfigurationName = Release;
		};
		20765D8E235FF9CE004CC8CB /* Build configuration list for PBXNativeTarget "jisuanqiTests" */ = {
			isa = XCConfigurationList;
			buildConfigurations = (
				20765D8F235FF9CE004CC8CB /* Debug */,
				20765D90235FF9CE004CC8CB /* Release */,
			);
			defaultConfigurationIsVisible = 0;
			defaultConfigurationName = Release;
		};
		20765D91235FF9CE004CC8CB /* Build configuration list for PBXNativeTarget "jisuanqiUITests" */ = {
			isa = XCConfigurationList;
			buildConfigurations = (
				20765D92235FF9CE004CC8CB /* Debug */,
				20765D93235FF9CE004CC8CB /* Release */,
			);
			defaultConfigurationIsVisible = 0;
			defaultConfigurationName = Release;
		};
/* End XCConfigurationList section */
	};
	rootObject = 20765D5B235FF9B1004CC8CB /* Project object */;
}
